
Microsoft Visual Studio Solution File, Format Version 12.00
# Visual Studio Version 17
VisualStudioVersion = 17.3.32929.385
MinimumVisualStudioVersion = 10.0.40219.1
Project("{9A19103F-16F7-4668-BE54-9A1E7A4F7556}") = "AnimalCountinDatabase", "AnimalCounginDatabase\AnimalCountinDatabase.csproj", "{493E853F-8FA5-48F2-AD36-E849554796A4}"
EndProject
Project("{9A19103F-16F7-4668-BE54-9A1E7A4F7556}") = "AnimalCounginDatabase.Tests", "AnimalCounginDatabase.Tests\AnimalCounginDatabase.Tests.csproj", "{1204AC6B-1C9A-47CB-90D0-72090C913E8C}"
EndProject
Global
	GlobalSection(SolutionConfigurationPlatforms) = preSolution
		Debug|Any CPU = Debug|Any CPU
		Release|Any CPU = Release|Any CPU
	EndGlobalSection
	GlobalSection(ProjectConfigurationPlatforms) = postSolution
		{493E853F-8FA5-48F2-AD36-E849554796A4}.Debug|Any CPU.ActiveCfg = Debug|Any CPU
		{493E853F-8FA5-48F2-AD36-E849554796A4}.Debug|Any CPU.Build.0 = Debug|Any CPU
		{493E853F-8FA5-48F2-AD36-E849554796A4}.Release|Any CPU.ActiveCfg = Release|Any CPU
		{493E853F-8FA5-48F2-AD36-E849554796A4}.Release|Any CPU.Build.0 = Release|Any CPU
		{1204AC6B-1C9A-47CB-90D0-72090C913E8C}.Debug|Any CPU.ActiveCfg = Debug|Any CPU
		{1204AC6B-1C9A-47CB-90D0-72090C913E8C}.Debug|Any CPU.Build.0 = Debug|Any CPU
		{1204AC6B-1C9A-47CB-90D0-72090C913E8C}.Release|Any CPU.ActiveCfg = Release|Any CPU
		{1204AC6B-1C9A-47CB-90D0-72090C913E8C}.Release|Any CPU.Build.0 = Release|Any CPU
	EndGlobalSection
	GlobalSection(SolutionProperties) = preSolution
		HideSolutionNode = FALSE
	EndGlobalSection
	GlobalSection(ExtensibilityGlobals) = postSolution
		SolutionGuid = {E98DB7B4-1316-49DD-A610-6C288820DBFA}
	EndGlobalSection
EndGlobal
